
Microsoft Visual Studio Solution File, Format Version 12.00
# Visual Studio Version 17
VisualStudioVersion = 17.0.31903.59
MinimumVisualStudioVersion = 10.0.40219.1
Project("{FAE04EC0-301F-11D3-BF4B-00C04F79EFBC}") = "TurnedBased", "TurnedBased.csproj", "{8D894238-3C8F-4A53-A567-0725ABAC57F1}"
EndProject
Project("{FAE04EC0-301F-11D3-BF4B-00C04F79EFBC}") = "TurnedBased.Core", "Core\TurnedBased.Core.csproj", "{99266D79-58D7-4871-B7B2-B8979E681ADC}"
EndProject
Project("{FAE04EC0-301F-11D3-BF4B-00C04F79EFBC}") = "Tests", "Tests\Tests.csproj", "{7256E67B-55E3-42C3-9758-66FF62BD7C91}"
EndProject
Global
	GlobalSection(SolutionConfigurationPlatforms) = preSolution
		Debug|Any CPU = Debug|Any CPU
		Release|Any CPU = Release|Any CPU
	EndGlobalSection
	GlobalSection(SolutionProperties) = preSolution
		HideSolutionNode = FALSE
	EndGlobalSection
	GlobalSection(ProjectConfigurationPlatforms) = postSolution
		{8D894238-3C8F-4A53-A567-0725ABAC57F1}.Debug|Any CPU.ActiveCfg = Debug|Any CPU
		{8D894238-3C8F-4A53-A567-0725ABAC57F1}.Debug|Any CPU.Build.0 = Debug|Any CPU
		{8D894238-3C8F-4A53-A567-0725ABAC57F1}.Release|Any CPU.ActiveCfg = Debug|Any CPU
		{8D894238-3C8F-4A53-A567-0725ABAC57F1}.Release|Any CPU.Build.0 = Debug|Any CPU
		{99266D79-58D7-4871-B7B2-B8979E681ADC}.Debug|Any CPU.ActiveCfg = Debug|Any CPU
		{99266D79-58D7-4871-B7B2-B8979E681ADC}.Debug|Any CPU.Build.0 = Debug|Any CPU
		{99266D79-58D7-4871-B7B2-B8979E681ADC}.Release|Any CPU.ActiveCfg = Release|Any CPU
		{99266D79-58D7-4871-B7B2-B8979E681ADC}.Release|Any CPU.Build.0 = Release|Any CPU
		{7256E67B-55E3-42C3-9758-66FF62BD7C91}.Debug|Any CPU.ActiveCfg = Debug|Any CPU
		{7256E67B-55E3-42C3-9758-66FF62BD7C91}.Debug|Any CPU.Build.0 = Debug|Any CPU
		{7256E67B-55E3-42C3-9758-66FF62BD7C91}.Release|Any CPU.ActiveCfg = Release|Any CPU
		{7256E67B-55E3-42C3-9758-66FF62BD7C91}.Release|Any CPU.Build.0 = Release|Any CPU
	EndGlobalSection
EndGlobal
